// !$*UTF8*$!
{
	archiveVersion = 1;
	classes = {
	};
	objectVersion = 50;
	objects = {

/* Begin PBXBuildFile section */
		47409A1F20E6633200AD2031 /* AppDelegate.swift in Sources */ = {isa = PBXBuildFile; fileRef = 47409A1E20E6633200AD2031 /* AppDelegate.swift */; };
		47409A2120E6633300AD2031 /* TopViewController.swift in Sources */ = {isa = PBXBuildFile; fileRef = 47409A2020E6633300AD2031 /* TopViewController.swift */; };
		47409A2420E6633300AD2031 /* Main.storyboard in Resources */ = {isa = PBXBuildFile; fileRef = 47409A2220E6633300AD2031 /* Main.storyboard */; };
		47409A2720E6633300AD2031 /* iosDeKasegu.xcdatamodeld in Sources */ = {isa = PBXBuildFile; fileRef = 47409A2520E6633300AD2031 /* iosDeKasegu.xcdatamodeld */; };
		47409A2920E6633500AD2031 /* Assets.xcassets in Resources */ = {isa = PBXBuildFile; fileRef = 47409A2820E6633500AD2031 /* Assets.xcassets */; };
		47409A2C20E6633500AD2031 /* LaunchScreen.storyboard in Resources */ = {isa = PBXBuildFile; fileRef = 47409A2A20E6633500AD2031 /* LaunchScreen.storyboard */; };
		47AF685020E8C6C3003BD075 /* GoogleService-Info.plist in Resources */ = {isa = PBXBuildFile; fileRef = 47AF684F20E8C6C3003BD075 /* GoogleService-Info.plist */; };
		47AF685220E8C7E1003BD075 /* AdSupport.framework in Frameworks */ = {isa = PBXBuildFile; fileRef = 47AF685120E8C7E1003BD075 /* AdSupport.framework */; };
		47AF685420E8C874003BD075 /* BaseViewController.swift in Sources */ = {isa = PBXBuildFile; fileRef = 47AF685320E8C874003BD075 /* BaseViewController.swift */; };
		47AF685620E8CAE5003BD075 /* SiritoriThemeViewController.swift in Sources */ = {isa = PBXBuildFile; fileRef = 47AF685520E8CAE5003BD075 /* SiritoriThemeViewController.swift */; };
		47AF685820E90E3B003BD075 /* SiritoriWorkViewController.swift in Sources */ = {isa = PBXBuildFile; fileRef = 47AF685720E90E3B003BD075 /* SiritoriWorkViewController.swift */; };
		5EBC0C837D2F8073B21F0A40 /* Pods_iosDeKasegu.framework in Frameworks */ = {isa = PBXBuildFile; fileRef = C1B1C634B5C0E253B6A65BC5 /* Pods_iosDeKasegu.framework */; };
/* End PBXBuildFile section */

/* Begin PBXFileReference section */
		266A3B3A4ACA227D34169225 /* Pods-iosDeKasegu.debug.xcconfig */ = {isa = PBXFileReference; includeInIndex = 1; lastKnownFileType = text.xcconfig; name = "Pods-iosDeKasegu.debug.xcconfig"; path = "Pods/Target Support Files/Pods-iosDeKasegu/Pods-iosDeKasegu.debug.xcconfig"; sourceTree = "<group>"; };
		47409A1B20E6633200AD2031 /* iosDeKasegu.app */ = {isa = PBXFileReference; explicitFileType = wrapper.application; includeInIndex = 0; path = iosDeKasegu.app; sourceTree = BUILT_PRODUCTS_DIR; };
		47409A1E20E6633200AD2031 /* AppDelegate.swift */ = {isa = PBXFileReference; lastKnownFileType = sourcecode.swift; path = AppDelegate.swift; sourceTree = "<group>"; };
		47409A2020E6633300AD2031 /* TopViewController.swift */ = {isa = PBXFileReference; lastKnownFileType = sourcecode.swift; path = TopViewController.swift; sourceTree = "<group>"; };
		47409A2320E6633300AD2031 /* Base */ = {isa = PBXFileReference; lastKnownFileType = file.storyboard; name = Base; path = Base.lproj/Main.storyboard; sourceTree = "<group>"; };
		47409A2620E6633300AD2031 /* iosDeKasegu.xcdatamodel */ = {isa = PBXFileReference; lastKnownFileType = wrapper.xcdatamodel; path = iosDeKasegu.xcdatamodel; sourceTree = "<group>"; };
		47409A2820E6633500AD2031 /* Assets.xcassets */ = {isa = PBXFileReference; lastKnownFileType = folder.assetcatalog; path = Assets.xcassets; sourceTree = "<group>"; };
		47409A2B20E6633500AD2031 /* Base */ = {isa = PBXFileReference; lastKnownFileType = file.storyboard; name = Base; path = Base.lproj/LaunchScreen.storyboard; sourceTree = "<group>"; };
		47409A2D20E6633500AD2031 /* Info.plist */ = {isa = PBXFileReference; lastKnownFileType = text.plist.xml; path = Info.plist; sourceTree = "<group>"; };
		47AF684F20E8C6C3003BD075 /* GoogleService-Info.plist */ = {isa = PBXFileReference; fileEncoding = 4; lastKnownFileType = text.plist.xml; path = "GoogleService-Info.plist"; sourceTree = "<group>"; };
		47AF685120E8C7E1003BD075 /* AdSupport.framework */ = {isa = PBXFileReference; lastKnownFileType = wrapper.framework; name = AdSupport.framework; path = System/Library/Frameworks/AdSupport.framework; sourceTree = SDKROOT; };
		47AF685320E8C874003BD075 /* BaseViewController.swift */ = {isa = PBXFileReference; lastKnownFileType = sourcecode.swift; path = BaseViewController.swift; sourceTree = "<group>"; };
		47AF685520E8CAE5003BD075 /* SiritoriThemeViewController.swift */ = {isa = PBXFileReference; lastKnownFileType = sourcecode.swift; path = SiritoriThemeViewController.swift; sourceTree = "<group>"; };
		47AF685720E90E3B003BD075 /* SiritoriWorkViewController.swift */ = {isa = PBXFileReference; lastKnownFileType = sourcecode.swift; path = SiritoriWorkViewController.swift; sourceTree = "<group>"; };
		BEC9F50579D3FA14D89B3E9E /* Pods-iosDeKasegu.release.xcconfig */ = {isa = PBXFileReference; includeInIndex = 1; lastKnownFileType = text.xcconfig; name = "Pods-iosDeKasegu.release.xcconfig"; path = "Pods/Target Support Files/Pods-iosDeKasegu/Pods-iosDeKasegu.release.xcconfig"; sourceTree = "<group>"; };
		C1B1C634B5C0E253B6A65BC5 /* Pods_iosDeKasegu.framework */ = {isa = PBXFileReference; explicitFileType = wrapper.framework; includeInIndex = 0; path = Pods_iosDeKasegu.framework; sourceTree = BUILT_PRODUCTS_DIR; };
/* End PBXFileReference section */

/* Begin PBXFrameworksBuildPhase section */
		47409A1820E6633200AD2031 /* Frameworks */ = {
			isa = PBXFrameworksBuildPhase;
			buildActionMask = 2147483647;
			files = (
				47AF685220E8C7E1003BD075 /* AdSupport.framework in Frameworks */,
				5EBC0C837D2F8073B21F0A40 /* Pods_iosDeKasegu.framework in Frameworks */,
			);
			runOnlyForDeploymentPostprocessing = 0;
		};
/* End PBXFrameworksBuildPhase section */

/* Begin PBXGroup section */
		47409A1220E6633200AD2031 = {
			isa = PBXGroup;
			children = (
				47409A1D20E6633200AD2031 /* iosDeKasegu */,
				47409A1C20E6633200AD2031 /* Products */,
				EB8EE59FF313D6B3ADD63B1C /* Pods */,
				A9004398B0A041C37B42D867 /* Frameworks */,
			);
			sourceTree = "<group>";
		};
		47409A1C20E6633200AD2031 /* Products */ = {
			isa = PBXGroup;
			children = (
				47409A1B20E6633200AD2031 /* iosDeKasegu.app */,
			);
			name = Products;
			sourceTree = "<group>";
		};
		47409A1D20E6633200AD2031 /* iosDeKasegu */ = {
			isa = PBXGroup;
			children = (
				47409A1E20E6633200AD2031 /* AppDelegate.swift */,
				47AF685320E8C874003BD075 /* BaseViewController.swift */,
				47409A2020E6633300AD2031 /* TopViewController.swift */,
				47409A2220E6633300AD2031 /* Main.storyboard */,
				47AF685720E90E3B003BD075 /* SiritoriWorkViewController.swift */,
				47409A2820E6633500AD2031 /* Assets.xcassets */,
				47AF685520E8CAE5003BD075 /* SiritoriThemeViewController.swift */,
				47409A2A20E6633500AD2031 /* LaunchScreen.storyboard */,
				47AF684F20E8C6C3003BD075 /* GoogleService-Info.plist */,
				47409A2D20E6633500AD2031 /* Info.plist */,
				47409A2520E6633300AD2031 /* iosDeKasegu.xcdatamodeld */,
			);
			path = iosDeKasegu;
			sourceTree = "<group>";
		};
		A9004398B0A041C37B42D867 /* Frameworks */ = {
			isa = PBXGroup;
			children = (
				47AF685120E8C7E1003BD075 /* AdSupport.framework */,
				C1B1C634B5C0E253B6A65BC5 /* Pods_iosDeKasegu.framework */,
			);
			name = Frameworks;
			sourceTree = "<group>";
		};
		EB8EE59FF313D6B3ADD63B1C /* Pods */ = {
			isa = PBXGroup;
			children = (
				266A3B3A4ACA227D34169225 /* Pods-iosDeKasegu.debug.xcconfig */,
				BEC9F50579D3FA14D89B3E9E /* Pods-iosDeKasegu.release.xcconfig */,
			);
			name = Pods;
			sourceTree = "<group>";
		};
/* End PBXGroup section */

/* Begin PBXNativeTarget section */
		47409A1A20E6633200AD2031 /* iosDeKasegu */ = {
			isa = PBXNativeTarget;
			buildConfigurationList = 47409A3020E6633500AD2031 /* Build configuration list for PBXNativeTarget "iosDeKasegu" */;
			buildPhases = (
				1120B9867AF28247352EEF27 /* [CP] Check Pods Manifest.lock */,
				47409A1720E6633200AD2031 /* Sources */,
				47409A1820E6633200AD2031 /* Frameworks */,
				47409A1920E6633200AD2031 /* Resources */,
				7D4EFA69D4EE21600470F969 /* [CP] Embed Pods Frameworks */,
			);
			buildRules = (
			);
			dependencies = (
			);
			name = iosDeKasegu;
			productName = iosDeKasegu;
			productReference = 47409A1B20E6633200AD2031 /* iosDeKasegu.app */;
			productType = "com.apple.product-type.application";
		};
/* End PBXNativeTarget section */

/* Begin PBXProject section */
		47409A1320E6633200AD2031 /* Project object */ = {
			isa = PBXProject;
			attributes = {
				LastSwiftUpdateCheck = 0940;
				LastUpgradeCheck = 0940;
				ORGANIZATIONNAME = shonanhiratsuka;
				TargetAttributes = {
					47409A1A20E6633200AD2031 = {
						CreatedOnToolsVersion = 9.4.1;
					};
				};
			};
			buildConfigurationList = 47409A1620E6633200AD2031 /* Build configuration list for PBXProject "iosDeKasegu" */;
			compatibilityVersion = "Xcode 9.3";
			developmentRegion = en;
			hasScannedForEncodings = 0;
			knownRegions = (
				en,
				Base,
			);
			mainGroup = 47409A1220E6633200AD2031;
			productRefGroup = 47409A1C20E6633200AD2031 /* Products */;
			projectDirPath = "";
			projectRoot = "";
			targets = (
				47409A1A20E6633200AD2031 /* iosDeKasegu */,
			);
		};
/* End PBXProject section */

/* Begin PBXResourcesBuildPhase section */
		47409A1920E6633200AD2031 /* Resources */ = {
			isa = PBXResourcesBuildPhase;
			buildActionMask = 2147483647;
			files = (
				47409A2C20E6633500AD2031 /* LaunchScreen.storyboard in Resources */,
				47AF685020E8C6C3003BD075 /* GoogleService-Info.plist in Resources */,
				47409A2920E6633500AD2031 /* Assets.xcassets in Resources */,
				47409A2420E6633300AD2031 /* Main.storyboard in Resources */,
			);
			runOnlyForDeploymentPostprocessing = 0;
		};
/* End PBXResourcesBuildPhase section */

/* Begin PBXShellScriptBuildPhase section */
		1120B9867AF28247352EEF27 /* [CP] Check Pods Manifest.lock */ = {
			isa = PBXShellScriptBuildPhase;
			buildActionMask = 2147483647;
			files = (
			);
			inputPaths = (
				"${PODS_PODFILE_DIR_PATH}/Podfile.lock",
				"${PODS_ROOT}/Manifest.lock",
			);
			name = "[CP] Check Pods Manifest.lock";
			outputPaths = (
				"$(DERIVED_FILE_DIR)/Pods-iosDeKasegu-checkManifestLockResult.txt",
			);
			runOnlyForDeploymentPostprocessing = 0;
			shellPath = /bin/sh;
			shellScript = "diff \"${PODS_PODFILE_DIR_PATH}/Podfile.lock\" \"${PODS_ROOT}/Manifest.lock\" > /dev/null\nif [ $? != 0 ] ; then\n    # print error to STDERR\n    echo \"error: The sandbox is not in sync with the Podfile.lock. Run 'pod install' or update your CocoaPods installation.\" >&2\n    exit 1\nfi\n# This output is used by Xcode 'outputs' to avoid re-running this script phase.\necho \"SUCCESS\" > \"${SCRIPT_OUTPUT_FILE_0}\"\n";
			showEnvVarsInLog = 0;
		};
		7D4EFA69D4EE21600470F969 /* [CP] Embed Pods Frameworks */ = {
			isa = PBXShellScriptBuildPhase;
			buildActionMask = 2147483647;
			files = (
			);
			inputPaths = (
				"${SRCROOT}/Pods/Target Support Files/Pods-iosDeKasegu/Pods-iosDeKasegu-frameworks.sh",
				"${BUILT_PRODUCTS_DIR}/GoogleToolboxForMac/GoogleToolboxForMac.framework",
				"${BUILT_PRODUCTS_DIR}/nanopb/nanopb.framework",
			);
			name = "[CP] Embed Pods Frameworks";
			outputPaths = (
				"${TARGET_BUILD_DIR}/${FRAMEWORKS_FOLDER_PATH}/GoogleToolboxForMac.framework",
				"${TARGET_BUILD_DIR}/${FRAMEWORKS_FOLDER_PATH}/nanopb.framework",
			);
			runOnlyForDeploymentPostprocessing = 0;
			shellPath = /bin/sh;
			shellScript = "\"${SRCROOT}/Pods/Target Support Files/Pods-iosDeKasegu/Pods-iosDeKasegu-frameworks.sh\"\n";
			showEnvVarsInLog = 0;
		};
/* End PBXShellScriptBuildPhase section */

/* Begin PBXSourcesBuildPhase section */
		47409A1720E6633200AD2031 /* Sources */ = {
			isa = PBXSourcesBuildPhase;
			buildActionMask = 2147483647;
			files = (
				47AF685620E8CAE5003BD075 /* SiritoriThemeViewController.swift in Sources */,
				47409A2120E6633300AD2031 /* TopViewController.swift in Sources */,
				47409A1F20E6633200AD2031 /* AppDelegate.swift in Sources */,
				47AF685420E8C874003BD075 /* BaseViewController.swift in Sources */,
				47AF685820E90E3B003BD075 /* SiritoriWorkViewController.swift in Sources */,
				47409A2720E6633300AD2031 /* iosDeKasegu.xcdatamodeld in Sources */,
			);
			runOnlyForDeploymentPostprocessing = 0;
		};
/* End PBXSourcesBuildPhase section */

/* Begin PBXVariantGroup section */
		47409A2220E6633300AD2031 /* Main.storyboard */ = {
			isa = PBXVariantGroup;
			children = (
				47409A2320E6633300AD2031 /* Base */,
			);
			name = Main.storyboard;
			sourceTree = "<group>";
		};
		47409A2A20E6633500AD2031 /* LaunchScreen.storyboard */ = {
			isa = PBXVariantGroup;
			children = (
				47409A2B20E6633500AD2031 /* Base */,
			);
			name = LaunchScreen.storyboard;
			sourceTree = "<group>";
		};
/* End PBXVariantGroup section */

/* Begin XCBuildConfiguration section */
		47409A2E20E6633500AD2031 /* Debug */ = {
			isa = XCBuildConfiguration;
			buildSettings = {
				ALWAYS_SEARCH_USER_PATHS = NO;
				CLANG_ANALYZER_NONNULL = YES;
				CLANG_ANALYZER_NUMBER_OBJECT_CONVERSION = YES_AGGRESSIVE;
				CLANG_CXX_LANGUAGE_STANDARD = "gnu++14";
				CLANG_CXX_LIBRARY = "libc++";
				CLANG_ENABLE_MODULES = YES;
				CLANG_ENABLE_OBJC_ARC = YES;
				CLANG_ENABLE_OBJC_WEAK = YES;
				CLANG_WARN_BLOCK_CAPTURE_AUTORELEASING = YES;
				CLANG_WARN_BOOL_CONVERSION = YES;
				CLANG_WARN_COMMA = YES;
				CLANG_WARN_CONSTANT_CONVERSION = YES;
				CLANG_WARN_DEPRECATED_OBJC_IMPLEMENTATIONS = YES;
				CLANG_WARN_DIRECT_OBJC_ISA_USAGE = YES_ERROR;
				CLANG_WARN_DOCUMENTATION_COMMENTS = YES;
				CLANG_WARN_EMPTY_BODY = YES;
				CLANG_WARN_ENUM_CONVERSION = YES;
				CLANG_WARN_INFINITE_RECURSION = YES;
				CLANG_WARN_INT_CONVERSION = YES;
				CLANG_WARN_NON_LITERAL_NULL_CONVERSION = YES;
				CLANG_WARN_OBJC_IMPLICIT_RETAIN_SELF = YES;
				CLANG_WARN_OBJC_LITERAL_CONVERSION = YES;
				CLANG_WARN_OBJC_ROOT_CLASS = YES_ERROR;
				CLANG_WARN_RANGE_LOOP_ANALYSIS = YES;
				CLANG_WARN_STRICT_PROTOTYPES = YES;
				CLANG_WARN_SUSPICIOUS_MOVE = YES;
				CLANG_WARN_UNGUARDED_AVAILABILITY = YES_AGGRESSIVE;
				CLANG_WARN_UNREACHABLE_CODE = YES;
				CLANG_WARN__DUPLICATE_METHOD_MATCH = YES;
				CODE_SIGN_IDENTITY = "iPhone Developer";
				COPY_PHASE_STRIP = NO;
				DEBUG_INFORMATION_FORMAT = dwarf;
				ENABLE_STRICT_OBJC_MSGSEND = YES;
				ENABLE_TESTABILITY = YES;
				GCC_C_LANGUAGE_STANDARD = gnu11;
				GCC_DYNAMIC_NO_PIC = NO;
				GCC_NO_COMMON_BLOCKS = YES;
				GCC_OPTIMIZATION_LEVEL = 0;
				GCC_PREPROCESSOR_DEFINITIONS = (
					"DEBUG=1",
					"$(inherited)",
				);
				GCC_WARN_64_TO_32_BIT_CONVERSION = YES;
				GCC_WARN_ABOUT_RETURN_TYPE = YES_ERROR;
				GCC_WARN_UNDECLARED_SELECTOR = YES;
				GCC_WARN_UNINITIALIZED_AUTOS = YES_AGGRESSIVE;
				GCC_WARN_UNUSED_FUNCTION = YES;
				GCC_WARN_UNUSED_VARIABLE = YES;
				IPHONEOS_DEPLOYMENT_TARGET = 11.4;
				MTL_ENABLE_DEBUG_INFO = YES;
				ONLY_ACTIVE_ARCH = YES;
				SDKROOT = iphoneos;
				SWIFT_ACTIVE_COMPILATION_CONDITIONS = DEBUG;
				SWIFT_OPTIMIZATION_LEVEL = "-Onone";
			};
			name = Debug;
		};
		47409A2F20E6633500AD2031 /* Release */ = {
			isa = XCBuildConfiguration;
			buildSettings = {
				ALWAYS_SEARCH_USER_PATHS = NO;
				CLANG_ANALYZER_NONNULL = YES;
				CLANG_ANALYZER_NUMBER_OBJECT_CONVERSION = YES_AGGRESSIVE;
				CLANG_CXX_LANGUAGE_STANDARD = "gnu++14";
				CLANG_CXX_LIBRARY = "libc++";
				CLANG_ENABLE_MODULES = YES;
				CLANG_ENABLE_OBJC_ARC = YES;
				CLANG_ENABLE_OBJC_WEAK = YES;
				CLANG_WARN_BLOCK_CAPTURE_AUTORELEASING = YES;
				CLANG_WARN_BOOL_CONVERSION = YES;
				CLANG_WARN_COMMA = YES;
				CLANG_WARN_CONSTANT_CONVERSION = YES;
				CLANG_WARN_DEPRECATED_OBJC_IMPLEMENTATIONS = YES;
				CLANG_WARN_DIRECT_OBJC_ISA_USAGE = YES_ERROR;
				CLANG_WARN_DOCUMENTATION_COMMENTS = YES;
				CLANG_WARN_EMPTY_BODY = YES;
				CLANG_WARN_ENUM_CONVERSION = YES;
				CLANG_WARN_INFINITE_RECURSION = YES;
				CLANG_WARN_INT_CONVERSION = YES;
				CLANG_WARN_NON_LITERAL_NULL_CONVERSION = YES;
				CLANG_WARN_OBJC_IMPLICIT_RETAIN_SELF = YES;
				CLANG_WARN_OBJC_LITERAL_CONVERSION = YES;
				CLANG_WARN_OBJC_ROOT_CLASS = YES_ERROR;
				CLANG_WARN_RANGE_LOOP_ANALYSIS = YES;
				CLANG_WARN_STRICT_PROTOTYPES = YES;
				CLANG_WARN_SUSPICIOUS_MOVE = YES;
				CLANG_WARN_UNGUARDED_AVAILABILITY = YES_AGGRESSIVE;
				CLANG_WARN_UNREACHABLE_CODE = YES;
				CLANG_WARN__DUPLICATE_METHOD_MATCH = YES;
				CODE_SIGN_IDENTITY = "iPhone Developer";
				COPY_PHASE_STRIP = NO;
				DEBUG_INFORMATION_FORMAT = "dwarf-with-dsym";
				ENABLE_NS_ASSERTIONS = NO;
				ENABLE_STRICT_OBJC_MSGSEND = YES;
				GCC_C_LANGUAGE_STANDARD = gnu11;
				GCC_NO_COMMON_BLOCKS = YES;
				GCC_WARN_64_TO_32_BIT_CONVERSION = YES;
				GCC_WARN_ABOUT_RETURN_TYPE = YES_ERROR;
				GCC_WARN_UNDECLARED_SELECTOR = YES;
				GCC_WARN_UNINITIALIZED_AUTOS = YES_AGGRESSIVE;
				GCC_WARN_UNUSED_FUNCTION = YES;
				GCC_WARN_UNUSED_VARIABLE = YES;
				IPHONEOS_DEPLOYMENT_TARGET = 11.4;
				MTL_ENABLE_DEBUG_INFO = NO;
				SDKROOT = iphoneos;
				SWIFT_COMPILATION_MODE = wholemodule;
				SWIFT_OPTIMIZATION_LEVEL = "-O";
				VALIDATE_PRODUCT = YES;
			};
			name = Release;
		};
		47409A3120E6633500AD2031 /* Debug */ = {
			isa = XCBuildConfiguration;
			baseConfigurationReference = 266A3B3A4ACA227D34169225 /* Pods-iosDeKasegu.debug.xcconfig */;
			buildSettings = {
				ASSETCATALOG_COMPILER_APPICON_NAME = AppIcon;
				CODE_SIGN_STYLE = Automatic;
				DEVELOPMENT_TEAM = DW345V9X47;
				INFOPLIST_FILE = iosDeKasegu/Info.plist;
				LD_RUNPATH_SEARCH_PATHS = (
					"$(inherited)",
					"@executable_path/Frameworks",
				);
				PRODUCT_BUNDLE_IDENTIFIER = com.shonanhiratsuka.iosDeKasegu;
				PRODUCT_NAME = "$(TARGET_NAME)";
				SWIFT_VERSION = 4.0;
				TARGETED_DEVICE_FAMILY = "1,2";
			};
			name = Debug;
		};
		47409A3220E6633500AD2031 /* Release */ = {
			isa = XCBuildConfiguration;
			baseConfigurationReference = BEC9F50579D3FA14D89B3E9E /* Pods-iosDeKasegu.release.xcconfig */;
			buildSettings = {
				ASSETCATALOG_COMPILER_APPICON_NAME = AppIcon;
				CODE_SIGN_STYLE = Automatic;
				DEVELOPMENT_TEAM = DW345V9X47;
				INFOPLIST_FILE = iosDeKasegu/Info.plist;
				LD_RUNPATH_SEARCH_PATHS = (
					"$(inherited)",
					"@executable_path/Frameworks",
				);
				PRODUCT_BUNDLE_IDENTIFIER = com.shonanhiratsuka.iosDeKasegu;
				PRODUCT_NAME = "$(TARGET_NAME)";
				SWIFT_VERSION = 4.0;
				TARGETED_DEVICE_FAMILY = "1,2";
			};
			name = Release;
		};
/* End XCBuildConfiguration section */

/* Begin XCConfigurationList section */
		47409A1620E6633200AD2031 /* Build configuration list for PBXProject "iosDeKasegu" */ = {
			isa = XCConfigurationList;
			buildConfigurations = (
				47409A2E20E6633500AD2031 /* Debug */,
				47409A2F20E6633500AD2031 /* Release */,
			);
			defaultConfigurationIsVisible = 0;
			defaultConfigurationName = Release;
		};
		47409A3020E6633500AD2031 /* Build configuration list for PBXNativeTarget "iosDeKasegu" */ = {
			isa = XCConfigurationList;
			buildConfigurations = (
				47409A3120E6633500AD2031 /* Debug */,
				47409A3220E6633500AD2031 /* Release */,
			);
			defaultConfigurationIsVisible = 0;
			defaultConfigurationName = Release;
		};
/* End XCConfigurationList section */

/* Begin XCVersionGroup section */
		47409A2520E6633300AD2031 /* iosDeKasegu.xcdatamodeld */ = {
			isa = XCVersionGroup;
			children = (
				47409A2620E6633300AD2031 /* iosDeKasegu.xcdatamodel */,
			);
			currentVersion = 47409A2620E6633300AD2031 /* iosDeKasegu.xcdatamodel */;
			path = iosDeKasegu.xcdatamodeld;
			sourceTree = "<group>";
			versionGroupType = wrapper.xcdatamodel;
		};
/* End XCVersionGroup section */
	};
	rootObject = 47409A1320E6633200AD2031 /* Project object */;
}
